
Microsoft Visual Studio Solution File, Format Version 12.00
# Visual Studio Version 17
VisualStudioVersion = 17.13.35825.156
MinimumVisualStudioVersion = 10.0.40219.1
Project("{FAE04EC0-301F-11D3-BF4B-00C04F79EFBC}") = "QuanLyNhanVien3", "QuanLyNhanVien3.csproj", "{ACDE8C2E-7D2B-42FE-8E1E-27E9FE85FD62}"
EndProject
Project("{54435603-DBB4-11D2-8724-00A0C9A8B90C}") = "Setup3", "..\Setup3\Setup3.vdproj", "{FEA337D0-171A-B2C0-E7BA-980241C19BBF}"
EndProject
Project("{54435603-DBB4-11D2-8724-00A0C9A8B90C}") = "Setup6", "Setup6\Setup6.vdproj", "{D1C16CE0-CFAF-A0BA-5B59-BFC5993581D4}"
EndProject
Project("{54435603-DBB4-11D2-8724-00A0C9A8B90C}") = "Setup1", "Setup1\Setup1.vdproj", "{F5D91FD6-F519-3AC5-2EF1-6ADD62B256F6}"
EndProject
Global
	GlobalSection(SolutionConfigurationPlatforms) = preSolution
		Debug|Any CPU = Debug|Any CPU
		Release|Any CPU = Release|Any CPU
	EndGlobalSection
	GlobalSection(ProjectConfigurationPlatforms) = postSolution
		{ACDE8C2E-7D2B-42FE-8E1E-27E9FE85FD62}.Debug|Any CPU.ActiveCfg = Debug|Any CPU
		{ACDE8C2E-7D2B-42FE-8E1E-27E9FE85FD62}.Debug|Any CPU.Build.0 = Debug|Any CPU
		{ACDE8C2E-7D2B-42FE-8E1E-27E9FE85FD62}.Release|Any CPU.ActiveCfg = Release|Any CPU
		{ACDE8C2E-7D2B-42FE-8E1E-27E9FE85FD62}.Release|Any CPU.Build.0 = Release|Any CPU
		{FEA337D0-171A-B2C0-E7BA-980241C19BBF}.Debug|Any CPU.ActiveCfg = Debug
		{FEA337D0-171A-B2C0-E7BA-980241C19BBF}.Release|Any CPU.ActiveCfg = Release
		{D1C16CE0-CFAF-A0BA-5B59-BFC5993581D4}.Debug|Any CPU.ActiveCfg = Debug
		{D1C16CE0-CFAF-A0BA-5B59-BFC5993581D4}.Release|Any CPU.ActiveCfg = Release
		{F5D91FD6-F519-3AC5-2EF1-6ADD62B256F6}.Debug|Any CPU.ActiveCfg = Debug
		{F5D91FD6-F519-3AC5-2EF1-6ADD62B256F6}.Release|Any CPU.ActiveCfg = Release
	EndGlobalSection
	GlobalSection(SolutionProperties) = preSolution
		HideSolutionNode = FALSE
	EndGlobalSection
	GlobalSection(ExtensibilityGlobals) = postSolution
		SolutionGuid = {1B16F2C5-C471-412E-853A-5B6437956920}
	EndGlobalSection
EndGlobal
